
Microsoft Visual Studio Solution File, Format Version 12.00
# Visual Studio 15
VisualStudioVersion = 15.0.27703.2042
MinimumVisualStudioVersion = 10.0.40219.1
Project("{FAE04EC0-301F-11D3-BF4B-00C04F79EFBC}") = "cs_con_HelloWorld", "cs_con_HelloWorld\cs_con_HelloWorld.csproj", "{30991841-0626-4E3E-9777-CAA8E5C78DD4}"
EndProject
Project("{FAE04EC0-301F-11D3-BF4B-00C04F79EFBC}") = "cs_con_GeometricShapes", "cs_con_GeometricShapes\cs_con_GeometricShapes.csproj", "{8D39CE1B-B212-4E39-922D-8C848B6FED90}"
EndProject
Global
	GlobalSection(SolutionConfigurationPlatforms) = preSolution
		Debug|Any CPU = Debug|Any CPU
		Release|Any CPU = Release|Any CPU
	EndGlobalSection
	GlobalSection(ProjectConfigurationPlatforms) = postSolution
		{30991841-0626-4E3E-9777-CAA8E5C78DD4}.Debug|Any CPU.ActiveCfg = Debug|Any CPU
		{30991841-0626-4E3E-9777-CAA8E5C78DD4}.Debug|Any CPU.Build.0 = Debug|Any CPU
		{30991841-0626-4E3E-9777-CAA8E5C78DD4}.Release|Any CPU.ActiveCfg = Release|Any CPU
		{30991841-0626-4E3E-9777-CAA8E5C78DD4}.Release|Any CPU.Build.0 = Release|Any CPU
		{8D39CE1B-B212-4E39-922D-8C848B6FED90}.Debug|Any CPU.ActiveCfg = Debug|Any CPU
		{8D39CE1B-B212-4E39-922D-8C848B6FED90}.Debug|Any CPU.Build.0 = Debug|Any CPU
		{8D39CE1B-B212-4E39-922D-8C848B6FED90}.Release|Any CPU.ActiveCfg = Release|Any CPU
		{8D39CE1B-B212-4E39-922D-8C848B6FED90}.Release|Any CPU.Build.0 = Release|Any CPU
	EndGlobalSection
	GlobalSection(SolutionProperties) = preSolution
		HideSolutionNode = FALSE
	EndGlobalSection
	GlobalSection(ExtensibilityGlobals) = postSolution
		SolutionGuid = {BB35EE90-4858-46D8-8ACC-BBB79EA92F56}
	EndGlobalSection
EndGlobal
